
Microsoft Visual Studio Solution File, Format Version 12.00
# Visual Studio Version 17
VisualStudioVersion = 17.5.002.0
MinimumVisualStudioVersion = 10.0.40219.1
Project("{9A19103F-16F7-4668-BE54-9A1E7A4F7556}") = "EntityFramework", "EntityFramework.csproj", "{8E25EF32-F9DA-4115-8098-83DF3083E581}"
EndProject
Global
	GlobalSection(SolutionConfigurationPlatforms) = preSolution
		Debug|Any CPU = Debug|Any CPU
		Release|Any CPU = Release|Any CPU
	EndGlobalSection
	GlobalSection(ProjectConfigurationPlatforms) = postSolution
		{8E25EF32-F9DA-4115-8098-83DF3083E581}.Debug|Any CPU.ActiveCfg = Debug|Any CPU
		{8E25EF32-F9DA-4115-8098-83DF3083E581}.Debug|Any CPU.Build.0 = Debug|Any CPU
		{8E25EF32-F9DA-4115-8098-83DF3083E581}.Release|Any CPU.ActiveCfg = Release|Any CPU
		{8E25EF32-F9DA-4115-8098-83DF3083E581}.Release|Any CPU.Build.0 = Release|Any CPU
	EndGlobalSection
	GlobalSection(SolutionProperties) = preSolution
		HideSolutionNode = FALSE
	EndGlobalSection
	GlobalSection(ExtensibilityGlobals) = postSolution
		SolutionGuid = {5764D7A1-E69B-48E7-920B-4887BDE60337}
	EndGlobalSection
EndGlobal
